// !$*UTF8*$!
{
	archiveVersion = 1;
	classes = {
	};
	objectVersion = 56;
	objects = {

/* Begin PBXBuildFile section */
		C90444F02C557C2E00AF8B22 /* UIUniversals in Frameworks */ = {isa = PBXBuildFile; productRef = C90444EF2C557C2E00AF8B22 /* UIUniversals */; };
		C90444F22C557D6800AF8B22 /* CactusCastShadow.swift in Sources */ = {isa = PBXBuildFile; fileRef = C90444F12C557D6800AF8B22 /* CactusCastShadow.swift */; };
		C90444F42C55D23600AF8B22 /* CactusTextHalo.swift in Sources */ = {isa = PBXBuildFile; fileRef = C90444F32C55D23600AF8B22 /* CactusTextHalo.swift */; };
		C951876C2C3EE7FF00419E3A /* CactusRadialLines.swift in Sources */ = {isa = PBXBuildFile; fileRef = C951876B2C3EE7FF00419E3A /* CactusRadialLines.swift */; };
		C95187702C3F349F00419E3A /* StripedFill.swift in Sources */ = {isa = PBXBuildFile; fileRef = C951876E2C3F0E2C00419E3A /* StripedFill.swift */; };
		C97C9C812C405683000D333F /* CactusRibbon.swift in Sources */ = {isa = PBXBuildFile; fileRef = C97C9C802C405683000D333F /* CactusRibbon.swift */; };
		C995E91E2C4F08B700FD83C5 /* CactusCarousel.swift in Sources */ = {isa = PBXBuildFile; fileRef = C995E91D2C4F08B700FD83C5 /* CactusCarousel.swift */; };
		C995E9212C51817A00FD83C5 /* CactusCarouselDemoView.swift in Sources */ = {isa = PBXBuildFile; fileRef = C995E9202C51817A00FD83C5 /* CactusCarouselDemoView.swift */; };
		C995E9232C5181FF00FD83C5 /* CactusRibbonDemoView.swift in Sources */ = {isa = PBXBuildFile; fileRef = C995E9222C5181FE00FD83C5 /* CactusRibbonDemoView.swift */; };
		C995E9262C51829E00FD83C5 /* CactusRadialLinesDemoView.swift in Sources */ = {isa = PBXBuildFile; fileRef = C995E9252C51829E00FD83C5 /* CactusRadialLinesDemoView.swift */; };
		C995E9282C51866100FD83C5 /* RadialGlow.swift in Sources */ = {isa = PBXBuildFile; fileRef = C995E9272C51866100FD83C5 /* RadialGlow.swift */; };
		C9A02BCD2C22404F003A7737 /* LoadingBlur.swift in Sources */ = {isa = PBXBuildFile; fileRef = C9A02BCC2C22404F003A7737 /* LoadingBlur.swift */; };
		C9A02C092C227DD4003A7737 /* LoadingWave.swift in Sources */ = {isa = PBXBuildFile; fileRef = C9A02C082C227DD4003A7737 /* LoadingWave.swift */; };
		C9A02C1C2C2291AF003A7737 /* ScrollingCardPreview.swift in Sources */ = {isa = PBXBuildFile; fileRef = C9A02C182C2291AE003A7737 /* ScrollingCardPreview.swift */; };
		C9A02C1D2C2291AF003A7737 /* UIConstants.swift in Sources */ = {isa = PBXBuildFile; fileRef = C9A02C192C2291AE003A7737 /* UIConstants.swift */; };
		C9A02C1E2C2291AF003A7737 /* CardTemplateView.swift in Sources */ = {isa = PBXBuildFile; fileRef = C9A02C1A2C2291AE003A7737 /* CardTemplateView.swift */; };
		C9A02C1F2C2291AF003A7737 /* ScrollingCardView.swift in Sources */ = {isa = PBXBuildFile; fileRef = C9A02C1B2C2291AF003A7737 /* ScrollingCardView.swift */; };
		C9A02C212C2291B7003A7737 /* StyledScrollView.swift in Sources */ = {isa = PBXBuildFile; fileRef = C9A02C202C2291B7003A7737 /* StyledScrollView.swift */; };
		C9A02C262C2294F9003A7737 /* SlidingModalContent.swift in Sources */ = {isa = PBXBuildFile; fileRef = C9A02C232C2294F9003A7737 /* SlidingModalContent.swift */; };
		C9A02C272C2294F9003A7737 /* SlidingModalPreview.swift in Sources */ = {isa = PBXBuildFile; fileRef = C9A02C242C2294F9003A7737 /* SlidingModalPreview.swift */; };
		C9A02C282C2294F9003A7737 /* SlidingModal.swift in Sources */ = {isa = PBXBuildFile; fileRef = C9A02C252C2294F9003A7737 /* SlidingModal.swift */; };
		C9A02C2A2C232B6C003A7737 /* ComponentView.swift in Sources */ = {isa = PBXBuildFile; fileRef = C9A02C292C232B6C003A7737 /* ComponentView.swift */; };
		C9B4629C2C4349F9001A729A /* InteriorGlow.swift in Sources */ = {isa = PBXBuildFile; fileRef = C9B4629B2C4349F9001A729A /* InteriorGlow.swift */; };
		C9B462AA2C48B85B001A729A /* Layout1.swift in Sources */ = {isa = PBXBuildFile; fileRef = C9B462A92C48B85B001A729A /* Layout1.swift */; };
		C9BF0AB12C21C45200D7DEAC /* CactusComponentsApp.swift in Sources */ = {isa = PBXBuildFile; fileRef = C9BF0AB02C21C45200D7DEAC /* CactusComponentsApp.swift */; };
		C9BF0AB32C21C45200D7DEAC /* ContentView.swift in Sources */ = {isa = PBXBuildFile; fileRef = C9BF0AB22C21C45200D7DEAC /* ContentView.swift */; };
		C9BF0AB52C21C45800D7DEAC /* Assets.xcassets in Resources */ = {isa = PBXBuildFile; fileRef = C9BF0AB42C21C45800D7DEAC /* Assets.xcassets */; };
		C9BF0AB92C21C45800D7DEAC /* Preview Assets.xcassets in Resources */ = {isa = PBXBuildFile; fileRef = C9BF0AB82C21C45800D7DEAC /* Preview Assets.xcassets */; };
		C9BF0AC32C21C45800D7DEAC /* CactusComponentsTests.swift in Sources */ = {isa = PBXBuildFile; fileRef = C9BF0AC22C21C45800D7DEAC /* CactusComponentsTests.swift */; };
		C9BF0ACD2C21C45800D7DEAC /* CactusComponentsUITests.swift in Sources */ = {isa = PBXBuildFile; fileRef = C9BF0ACC2C21C45800D7DEAC /* CactusComponentsUITests.swift */; };
		C9BF0ACF2C21C45800D7DEAC /* CactusComponentsUITestsLaunchTests.swift in Sources */ = {isa = PBXBuildFile; fileRef = C9BF0ACE2C21C45800D7DEAC /* CactusComponentsUITestsLaunchTests.swift */; };
		C9BF0ADE2C21C4D000D7DEAC /* TicketView.swift in Sources */ = {isa = PBXBuildFile; fileRef = C9BF0ADD2C21C4D000D7DEAC /* TicketView.swift */; };
		C9BF0AE12C21C50600D7DEAC /* TicketShape.swift in Sources */ = {isa = PBXBuildFile; fileRef = C9BF0AE02C21C50600D7DEAC /* TicketShape.swift */; };
		C9BF0AE32C21C5C600D7DEAC /* CactusComponent.swift in Sources */ = {isa = PBXBuildFile; fileRef = C9BF0AE22C21C5C600D7DEAC /* CactusComponent.swift */; };
		C9F153C62C245EDA00237130 /* BlurCardView.swift in Sources */ = {isa = PBXBuildFile; fileRef = C9F153C42C245EDA00237130 /* BlurCardView.swift */; };
		C9F153C72C245EDA00237130 /* BlurCardPreview.swift in Sources */ = {isa = PBXBuildFile; fileRef = C9F153C52C245EDA00237130 /* BlurCardPreview.swift */; };
		C9FC40882C57E190004D0133 /* CactusComponentControls.swift in Sources */ = {isa = PBXBuildFile; fileRef = C9FC40872C57E190004D0133 /* CactusComponentControls.swift */; };
		C9FC408A2C5AA26E004D0133 /* CactusContextMenu.swift in Sources */ = {isa = PBXBuildFile; fileRef = C9FC40892C5AA26E004D0133 /* CactusContextMenu.swift */; };
/* End PBXBuildFile section */

/* Begin PBXContainerItemProxy section */
		C9BF0ABF2C21C45800D7DEAC /* PBXContainerItemProxy */ = {
			isa = PBXContainerItemProxy;
			containerPortal = C9BF0AA52C21C45200D7DEAC /* Project object */;
			proxyType = 1;
			remoteGlobalIDString = C9BF0AAC2C21C45200D7DEAC;
			remoteInfo = CactusComponents;
		};
		C9BF0AC92C21C45800D7DEAC /* PBXContainerItemProxy */ = {
			isa = PBXContainerItemProxy;
			containerPortal = C9BF0AA52C21C45200D7DEAC /* Project object */;
			proxyType = 1;
			remoteGlobalIDString = C9BF0AAC2C21C45200D7DEAC;
			remoteInfo = CactusComponents;
		};
/* End PBXContainerItemProxy section */

/* Begin PBXFileReference section */
		C90444F12C557D6800AF8B22 /* CactusCastShadow.swift */ = {isa = PBXFileReference; lastKnownFileType = sourcecode.swift; path = CactusCastShadow.swift; sourceTree = "<group>"; };
		C90444F32C55D23600AF8B22 /* CactusTextHalo.swift */ = {isa = PBXFileReference; lastKnownFileType = sourcecode.swift; path = CactusTextHalo.swift; sourceTree = "<group>"; };
		C951876B2C3EE7FF00419E3A /* CactusRadialLines.swift */ = {isa = PBXFileReference; lastKnownFileType = sourcecode.swift; path = CactusRadialLines.swift; sourceTree = "<group>"; };
		C951876E2C3F0E2C00419E3A /* StripedFill.swift */ = {isa = PBXFileReference; lastKnownFileType = sourcecode.swift; path = StripedFill.swift; sourceTree = "<group>"; };
		C97C9C802C405683000D333F /* CactusRibbon.swift */ = {isa = PBXFileReference; lastKnownFileType = sourcecode.swift; path = CactusRibbon.swift; sourceTree = "<group>"; };
		C995E91D2C4F08B700FD83C5 /* CactusCarousel.swift */ = {isa = PBXFileReference; lastKnownFileType = sourcecode.swift; path = CactusCarousel.swift; sourceTree = "<group>"; };
		C995E9202C51817A00FD83C5 /* CactusCarouselDemoView.swift */ = {isa = PBXFileReference; lastKnownFileType = sourcecode.swift; path = CactusCarouselDemoView.swift; sourceTree = "<group>"; };
		C995E9222C5181FE00FD83C5 /* CactusRibbonDemoView.swift */ = {isa = PBXFileReference; lastKnownFileType = sourcecode.swift; path = CactusRibbonDemoView.swift; sourceTree = "<group>"; };
		C995E9252C51829E00FD83C5 /* CactusRadialLinesDemoView.swift */ = {isa = PBXFileReference; lastKnownFileType = sourcecode.swift; path = CactusRadialLinesDemoView.swift; sourceTree = "<group>"; };
		C995E9272C51866100FD83C5 /* RadialGlow.swift */ = {isa = PBXFileReference; lastKnownFileType = sourcecode.swift; path = RadialGlow.swift; sourceTree = "<group>"; };
		C9A02BCC2C22404F003A7737 /* LoadingBlur.swift */ = {isa = PBXFileReference; fileEncoding = 4; lastKnownFileType = sourcecode.swift; path = LoadingBlur.swift; sourceTree = "<group>"; };
		C9A02C082C227DD4003A7737 /* LoadingWave.swift */ = {isa = PBXFileReference; fileEncoding = 4; lastKnownFileType = sourcecode.swift; path = LoadingWave.swift; sourceTree = "<group>"; };
		C9A02C182C2291AE003A7737 /* ScrollingCardPreview.swift */ = {isa = PBXFileReference; fileEncoding = 4; lastKnownFileType = sourcecode.swift; path = ScrollingCardPreview.swift; sourceTree = "<group>"; };
		C9A02C192C2291AE003A7737 /* UIConstants.swift */ = {isa = PBXFileReference; fileEncoding = 4; lastKnownFileType = sourcecode.swift; path = UIConstants.swift; sourceTree = "<group>"; };
		C9A02C1A2C2291AE003A7737 /* CardTemplateView.swift */ = {isa = PBXFileReference; fileEncoding = 4; lastKnownFileType = sourcecode.swift; path = CardTemplateView.swift; sourceTree = "<group>"; };
		C9A02C1B2C2291AF003A7737 /* ScrollingCardView.swift */ = {isa = PBXFileReference; fileEncoding = 4; lastKnownFileType = sourcecode.swift; path = ScrollingCardView.swift; sourceTree = "<group>"; };
		C9A02C202C2291B7003A7737 /* StyledScrollView.swift */ = {isa = PBXFileReference; fileEncoding = 4; lastKnownFileType = sourcecode.swift; path = StyledScrollView.swift; sourceTree = "<group>"; };
		C9A02C232C2294F9003A7737 /* SlidingModalContent.swift */ = {isa = PBXFileReference; fileEncoding = 4; lastKnownFileType = sourcecode.swift; path = SlidingModalContent.swift; sourceTree = "<group>"; };
		C9A02C242C2294F9003A7737 /* SlidingModalPreview.swift */ = {isa = PBXFileReference; fileEncoding = 4; lastKnownFileType = sourcecode.swift; path = SlidingModalPreview.swift; sourceTree = "<group>"; };
		C9A02C252C2294F9003A7737 /* SlidingModal.swift */ = {isa = PBXFileReference; fileEncoding = 4; lastKnownFileType = sourcecode.swift; path = SlidingModal.swift; sourceTree = "<group>"; };
		C9A02C292C232B6C003A7737 /* ComponentView.swift */ = {isa = PBXFileReference; lastKnownFileType = sourcecode.swift; path = ComponentView.swift; sourceTree = "<group>"; };
		C9B4629B2C4349F9001A729A /* InteriorGlow.swift */ = {isa = PBXFileReference; lastKnownFileType = sourcecode.swift; path = InteriorGlow.swift; sourceTree = "<group>"; };
		C9B462A92C48B85B001A729A /* Layout1.swift */ = {isa = PBXFileReference; lastKnownFileType = sourcecode.swift; path = Layout1.swift; sourceTree = "<group>"; };
		C9BF0AAD2C21C45200D7DEAC /* CactusComponents.app */ = {isa = PBXFileReference; explicitFileType = wrapper.application; includeInIndex = 0; path = CactusComponents.app; sourceTree = BUILT_PRODUCTS_DIR; };
		C9BF0AB02C21C45200D7DEAC /* CactusComponentsApp.swift */ = {isa = PBXFileReference; lastKnownFileType = sourcecode.swift; path = CactusComponentsApp.swift; sourceTree = "<group>"; };
		C9BF0AB22C21C45200D7DEAC /* ContentView.swift */ = {isa = PBXFileReference; lastKnownFileType = sourcecode.swift; path = ContentView.swift; sourceTree = "<group>"; };
		C9BF0AB42C21C45800D7DEAC /* Assets.xcassets */ = {isa = PBXFileReference; lastKnownFileType = folder.assetcatalog; path = Assets.xcassets; sourceTree = "<group>"; };
		C9BF0AB62C21C45800D7DEAC /* CactusComponents.entitlements */ = {isa = PBXFileReference; lastKnownFileType = text.plist.entitlements; path = CactusComponents.entitlements; sourceTree = "<group>"; };
		C9BF0AB82C21C45800D7DEAC /* Preview Assets.xcassets */ = {isa = PBXFileReference; lastKnownFileType = folder.assetcatalog; path = "Preview Assets.xcassets"; sourceTree = "<group>"; };
		C9BF0ABE2C21C45800D7DEAC /* CactusComponentsTests.xctest */ = {isa = PBXFileReference; explicitFileType = wrapper.cfbundle; includeInIndex = 0; path = CactusComponentsTests.xctest; sourceTree = BUILT_PRODUCTS_DIR; };
		C9BF0AC22C21C45800D7DEAC /* CactusComponentsTests.swift */ = {isa = PBXFileReference; lastKnownFileType = sourcecode.swift; path = CactusComponentsTests.swift; sourceTree = "<group>"; };
		C9BF0AC82C21C45800D7DEAC /* CactusComponentsUITests.xctest */ = {isa = PBXFileReference; explicitFileType = wrapper.cfbundle; includeInIndex = 0; path = CactusComponentsUITests.xctest; sourceTree = BUILT_PRODUCTS_DIR; };
		C9BF0ACC2C21C45800D7DEAC /* CactusComponentsUITests.swift */ = {isa = PBXFileReference; lastKnownFileType = sourcecode.swift; path = CactusComponentsUITests.swift; sourceTree = "<group>"; };
		C9BF0ACE2C21C45800D7DEAC /* CactusComponentsUITestsLaunchTests.swift */ = {isa = PBXFileReference; lastKnownFileType = sourcecode.swift; path = CactusComponentsUITestsLaunchTests.swift; sourceTree = "<group>"; };
		C9BF0ADD2C21C4D000D7DEAC /* TicketView.swift */ = {isa = PBXFileReference; fileEncoding = 4; lastKnownFileType = sourcecode.swift; path = TicketView.swift; sourceTree = "<group>"; };
		C9BF0AE02C21C50600D7DEAC /* TicketShape.swift */ = {isa = PBXFileReference; lastKnownFileType = sourcecode.swift; path = TicketShape.swift; sourceTree = "<group>"; };
		C9BF0AE22C21C5C600D7DEAC /* CactusComponent.swift */ = {isa = PBXFileReference; lastKnownFileType = sourcecode.swift; path = CactusComponent.swift; sourceTree = "<group>"; };
		C9F153C42C245EDA00237130 /* BlurCardView.swift */ = {isa = PBXFileReference; fileEncoding = 4; lastKnownFileType = sourcecode.swift; path = BlurCardView.swift; sourceTree = "<group>"; };
		C9F153C52C245EDA00237130 /* BlurCardPreview.swift */ = {isa = PBXFileReference; fileEncoding = 4; lastKnownFileType = sourcecode.swift; path = BlurCardPreview.swift; sourceTree = "<group>"; };
		C9FC40872C57E190004D0133 /* CactusComponentControls.swift */ = {isa = PBXFileReference; lastKnownFileType = sourcecode.swift; path = CactusComponentControls.swift; sourceTree = "<group>"; };
		C9FC40892C5AA26E004D0133 /* CactusContextMenu.swift */ = {isa = PBXFileReference; lastKnownFileType = sourcecode.swift; path = CactusContextMenu.swift; sourceTree = "<group>"; };
/* End PBXFileReference section */

/* Begin PBXFrameworksBuildPhase section */
		C9BF0AAA2C21C45200D7DEAC /* Frameworks */ = {
			isa = PBXFrameworksBuildPhase;
			buildActionMask = 2147483647;
			files = (
				C90444F02C557C2E00AF8B22 /* UIUniversals in Frameworks */,
			);
			runOnlyForDeploymentPostprocessing = 0;
		};
		C9BF0ABB2C21C45800D7DEAC /* Frameworks */ = {
			isa = PBXFrameworksBuildPhase;
			buildActionMask = 2147483647;
			files = (
			);
			runOnlyForDeploymentPostprocessing = 0;
		};
		C9BF0AC52C21C45800D7DEAC /* Frameworks */ = {
			isa = PBXFrameworksBuildPhase;
			buildActionMask = 2147483647;
			files = (
			);
			runOnlyForDeploymentPostprocessing = 0;
		};
/* End PBXFrameworksBuildPhase section */

/* Begin PBXGroup section */
		C951876A2C3EE7EA00419E3A /* RadialLines */ = {
			isa = PBXGroup;
			children = (
				C951876B2C3EE7FF00419E3A /* CactusRadialLines.swift */,
				C995E9252C51829E00FD83C5 /* CactusRadialLinesDemoView.swift */,
			);
			path = RadialLines;
			sourceTree = "<group>";
		};
		C951876D2C3F0E2400419E3A /* Fills */ = {
			isa = PBXGroup;
			children = (
				C951876E2C3F0E2C00419E3A /* StripedFill.swift */,
				C9B4629B2C4349F9001A729A /* InteriorGlow.swift */,
				C995E9272C51866100FD83C5 /* RadialGlow.swift */,
				C90444F12C557D6800AF8B22 /* CactusCastShadow.swift */,
				C90444F32C55D23600AF8B22 /* CactusTextHalo.swift */,
				C9FC40892C5AA26E004D0133 /* CactusContextMenu.swift */,
			);
			path = Fills;
			sourceTree = "<group>";
		};
		C995E91F2C51814C00FD83C5 /* CactusCarousel */ = {
			isa = PBXGroup;
			children = (
				C995E91D2C4F08B700FD83C5 /* CactusCarousel.swift */,
				C995E9202C51817A00FD83C5 /* CactusCarouselDemoView.swift */,
			);
			path = CactusCarousel;
			sourceTree = "<group>";
		};
		C995E9242C51820700FD83C5 /* CactusRibbon */ = {
			isa = PBXGroup;
			children = (
				C97C9C802C405683000D333F /* CactusRibbon.swift */,
				C995E9222C5181FE00FD83C5 /* CactusRibbonDemoView.swift */,
			);
			path = CactusRibbon;
			sourceTree = "<group>";
		};
		C9A02BCB2C223FD7003A7737 /* LoadingBlur */ = {
			isa = PBXGroup;
			children = (
				C9A02BCC2C22404F003A7737 /* LoadingBlur.swift */,
			);
			path = LoadingBlur;
			sourceTree = "<group>";
		};
		C9A02C072C227BD0003A7737 /* LoadingWave */ = {
			isa = PBXGroup;
			children = (
				C9A02C082C227DD4003A7737 /* LoadingWave.swift */,
			);
			path = LoadingWave;
			sourceTree = "<group>";
		};
		C9A02C0A2C228919003A7737 /* BlurCard */ = {
			isa = PBXGroup;
			children = (
				C9F153C42C245EDA00237130 /* BlurCardView.swift */,
				C9F153C52C245EDA00237130 /* BlurCardPreview.swift */,
			);
			path = BlurCard;
			sourceTree = "<group>";
		};
		C9A02C0F2C228E38003A7737 /* ScrollCards */ = {
			isa = PBXGroup;
			children = (
				C9A02C202C2291B7003A7737 /* StyledScrollView.swift */,
				C9A02C1A2C2291AE003A7737 /* CardTemplateView.swift */,
				C9A02C1B2C2291AF003A7737 /* ScrollingCardView.swift */,
				C9A02C182C2291AE003A7737 /* ScrollingCardPreview.swift */,
				C9A02C192C2291AE003A7737 /* UIConstants.swift */,
			);
			path = ScrollCards;
			sourceTree = "<group>";
		};
		C9A02C222C2294BE003A7737 /* SlidingModal */ = {
			isa = PBXGroup;
			children = (
				C9A02C242C2294F9003A7737 /* SlidingModalPreview.swift */,
				C9A02C232C2294F9003A7737 /* SlidingModalContent.swift */,
				C9A02C252C2294F9003A7737 /* SlidingModal.swift */,
			);
			path = SlidingModal;
			sourceTree = "<group>";
		};
		C9B462A82C48B82E001A729A /* Layouts */ = {
			isa = PBXGroup;
			children = (
				C9B462A92C48B85B001A729A /* Layout1.swift */,
			);
			path = Layouts;
			sourceTree = "<group>";
		};
		C9BF0AA42C21C45200D7DEAC = {
			isa = PBXGroup;
			children = (
				C9BF0AAF2C21C45200D7DEAC /* CactusComponents */,
				C9BF0AC12C21C45800D7DEAC /* CactusComponentsTests */,
				C9BF0ACB2C21C45800D7DEAC /* CactusComponentsUITests */,
				C9BF0AAE2C21C45200D7DEAC /* Products */,
			);
			sourceTree = "<group>";
		};
		C9BF0AAE2C21C45200D7DEAC /* Products */ = {
			isa = PBXGroup;
			children = (
				C9BF0AAD2C21C45200D7DEAC /* CactusComponents.app */,
				C9BF0ABE2C21C45800D7DEAC /* CactusComponentsTests.xctest */,
				C9BF0AC82C21C45800D7DEAC /* CactusComponentsUITests.xctest */,
			);
			name = Products;
			sourceTree = "<group>";
		};
		C9BF0AAF2C21C45200D7DEAC /* CactusComponents */ = {
			isa = PBXGroup;
			children = (
				C9BF0AB02C21C45200D7DEAC /* CactusComponentsApp.swift */,
				C9BF0AB22C21C45200D7DEAC /* ContentView.swift */,
				C9FC40872C57E190004D0133 /* CactusComponentControls.swift */,
				C9A02C292C232B6C003A7737 /* ComponentView.swift */,
				C9BF0AE22C21C5C600D7DEAC /* CactusComponent.swift */,
				C9BF0AB42C21C45800D7DEAC /* Assets.xcassets */,
				C9BF0ADB2C21C49E00D7DEAC /* Components */,
				C9BF0AB62C21C45800D7DEAC /* CactusComponents.entitlements */,
				C9BF0AB72C21C45800D7DEAC /* Preview Content */,
			);
			path = CactusComponents;
			sourceTree = "<group>";
		};
		C9BF0AB72C21C45800D7DEAC /* Preview Content */ = {
			isa = PBXGroup;
			children = (
				C9BF0AB82C21C45800D7DEAC /* Preview Assets.xcassets */,
			);
			path = "Preview Content";
			sourceTree = "<group>";
		};
		C9BF0AC12C21C45800D7DEAC /* CactusComponentsTests */ = {
			isa = PBXGroup;
			children = (
				C9BF0AC22C21C45800D7DEAC /* CactusComponentsTests.swift */,
			);
			path = CactusComponentsTests;
			sourceTree = "<group>";
		};
		C9BF0ACB2C21C45800D7DEAC /* CactusComponentsUITests */ = {
			isa = PBXGroup;
			children = (
				C9BF0ACC2C21C45800D7DEAC /* CactusComponentsUITests.swift */,
				C9BF0ACE2C21C45800D7DEAC /* CactusComponentsUITestsLaunchTests.swift */,
			);
			path = CactusComponentsUITests;
			sourceTree = "<group>";
		};
		C9BF0ADB2C21C49E00D7DEAC /* Components */ = {
			isa = PBXGroup;
			children = (
				C9B462A82C48B82E001A729A /* Layouts */,
				C951876D2C3F0E2400419E3A /* Fills */,
				C995E91F2C51814C00FD83C5 /* CactusCarousel */,
				C995E9242C51820700FD83C5 /* CactusRibbon */,
				C951876A2C3EE7EA00419E3A /* RadialLines */,
				C9A02C222C2294BE003A7737 /* SlidingModal */,
				C9A02C0F2C228E38003A7737 /* ScrollCards */,
				C9A02C0A2C228919003A7737 /* BlurCard */,
				C9A02C072C227BD0003A7737 /* LoadingWave */,
				C9A02BCB2C223FD7003A7737 /* LoadingBlur */,
				C9BF0ADC2C21C4AF00D7DEAC /* Ticket */,
			);
			path = Components;
			sourceTree = "<group>";
		};
		C9BF0ADC2C21C4AF00D7DEAC /* Ticket */ = {
			isa = PBXGroup;
			children = (
				C9BF0ADD2C21C4D000D7DEAC /* TicketView.swift */,
				C9BF0AE02C21C50600D7DEAC /* TicketShape.swift */,
			);
			path = Ticket;
			sourceTree = "<group>";
		};
/* End PBXGroup section */

/* Begin PBXNativeTarget section */
		C9BF0AAC2C21C45200D7DEAC /* CactusComponents */ = {
			isa = PBXNativeTarget;
			buildConfigurationList = C9BF0AD22C21C45900D7DEAC /* Build configuration list for PBXNativeTarget "CactusComponents" */;
			buildPhases = (
				C9BF0AA92C21C45200D7DEAC /* Sources */,
				C9BF0AAA2C21C45200D7DEAC /* Frameworks */,
				C9BF0AAB2C21C45200D7DEAC /* Resources */,
			);
			buildRules = (
			);
			dependencies = (
			);
			name = CactusComponents;
			packageProductDependencies = (
				C90444EF2C557C2E00AF8B22 /* UIUniversals */,
			);
			productName = CactusComponents;
			productReference = C9BF0AAD2C21C45200D7DEAC /* CactusComponents.app */;
			productType = "com.apple.product-type.application";
		};
		C9BF0ABD2C21C45800D7DEAC /* CactusComponentsTests */ = {
			isa = PBXNativeTarget;
			buildConfigurationList = C9BF0AD52C21C45900D7DEAC /* Build configuration list for PBXNativeTarget "CactusComponentsTests" */;
			buildPhases = (
				C9BF0ABA2C21C45800D7DEAC /* Sources */,
				C9BF0ABB2C21C45800D7DEAC /* Frameworks */,
				C9BF0ABC2C21C45800D7DEAC /* Resources */,
			);
			buildRules = (
			);
			dependencies = (
				C9BF0AC02C21C45800D7DEAC /* PBXTargetDependency */,
			);
			name = CactusComponentsTests;
			productName = CactusComponentsTests;
			productReference = C9BF0ABE2C21C45800D7DEAC /* CactusComponentsTests.xctest */;
			productType = "com.apple.product-type.bundle.unit-test";
		};
		C9BF0AC72C21C45800D7DEAC /* CactusComponentsUITests */ = {
			isa = PBXNativeTarget;
			buildConfigurationList = C9BF0AD82C21C45900D7DEAC /* Build configuration list for PBXNativeTarget "CactusComponentsUITests" */;
			buildPhases = (
				C9BF0AC42C21C45800D7DEAC /* Sources */,
				C9BF0AC52C21C45800D7DEAC /* Frameworks */,
				C9BF0AC62C21C45800D7DEAC /* Resources */,
			);
			buildRules = (
			);
			dependencies = (
				C9BF0ACA2C21C45800D7DEAC /* PBXTargetDependency */,
			);
			name = CactusComponentsUITests;
			productName = CactusComponentsUITests;
			productReference = C9BF0AC82C21C45800D7DEAC /* CactusComponentsUITests.xctest */;
			productType = "com.apple.product-type.bundle.ui-testing";
		};
/* End PBXNativeTarget section */

/* Begin PBXProject section */
		C9BF0AA52C21C45200D7DEAC /* Project object */ = {
			isa = PBXProject;
			attributes = {
				BuildIndependentTargetsInParallel = 1;
				LastSwiftUpdateCheck = 1530;
				LastUpgradeCheck = 1540;
				TargetAttributes = {
					C9BF0AAC2C21C45200D7DEAC = {
						CreatedOnToolsVersion = 15.3;
					};
					C9BF0ABD2C21C45800D7DEAC = {
						CreatedOnToolsVersion = 15.3;
						TestTargetID = C9BF0AAC2C21C45200D7DEAC;
					};
					C9BF0AC72C21C45800D7DEAC = {
						CreatedOnToolsVersion = 15.3;
						TestTargetID = C9BF0AAC2C21C45200D7DEAC;
					};
				};
			};
			buildConfigurationList = C9BF0AA82C21C45200D7DEAC /* Build configuration list for PBXProject "CactusComponents" */;
			compatibilityVersion = "Xcode 14.0";
			developmentRegion = en;
			hasScannedForEncodings = 0;
			knownRegions = (
				en,
				Base,
			);
			mainGroup = C9BF0AA42C21C45200D7DEAC;
			packageReferences = (
				C90444EE2C557C2E00AF8B22 /* XCRemoteSwiftPackageReference "UIUniversals" */,
			);
			productRefGroup = C9BF0AAE2C21C45200D7DEAC /* Products */;
			projectDirPath = "";
			projectRoot = "";
			targets = (
				C9BF0AAC2C21C45200D7DEAC /* CactusComponents */,
				C9BF0ABD2C21C45800D7DEAC /* CactusComponentsTests */,
				C9BF0AC72C21C45800D7DEAC /* CactusComponentsUITests */,
			);
		};
/* End PBXProject section */

/* Begin PBXResourcesBuildPhase section */
		C9BF0AAB2C21C45200D7DEAC /* Resources */ = {
			isa = PBXResourcesBuildPhase;
			buildActionMask = 2147483647;
			files = (
				C9BF0AB92C21C45800D7DEAC /* Preview Assets.xcassets in Resources */,
				C9BF0AB52C21C45800D7DEAC /* Assets.xcassets in Resources */,
			);
			runOnlyForDeploymentPostprocessing = 0;
		};
		C9BF0ABC2C21C45800D7DEAC /* Resources */ = {
			isa = PBXResourcesBuildPhase;
			buildActionMask = 2147483647;
			files = (
			);
			runOnlyForDeploymentPostprocessing = 0;
		};
		C9BF0AC62C21C45800D7DEAC /* Resources */ = {
			isa = PBXResourcesBuildPhase;
			buildActionMask = 2147483647;
			files = (
			);
			runOnlyForDeploymentPostprocessing = 0;
		};
/* End PBXResourcesBuildPhase section */

/* Begin PBXSourcesBuildPhase section */
		C9BF0AA92C21C45200D7DEAC /* Sources */ = {
			isa = PBXSourcesBuildPhase;
			buildActionMask = 2147483647;
			files = (
				C995E91E2C4F08B700FD83C5 /* CactusCarousel.swift in Sources */,
				C9BF0AB32C21C45200D7DEAC /* ContentView.swift in Sources */,
				C9BF0AE12C21C50600D7DEAC /* TicketShape.swift in Sources */,
				C9A02C282C2294F9003A7737 /* SlidingModal.swift in Sources */,
				C9B462AA2C48B85B001A729A /* Layout1.swift in Sources */,
				C9A02C272C2294F9003A7737 /* SlidingModalPreview.swift in Sources */,
				C995E9212C51817A00FD83C5 /* CactusCarouselDemoView.swift in Sources */,
				C9FC40882C57E190004D0133 /* CactusComponentControls.swift in Sources */,
				C995E9262C51829E00FD83C5 /* CactusRadialLinesDemoView.swift in Sources */,
				C9A02C092C227DD4003A7737 /* LoadingWave.swift in Sources */,
				C9A02BCD2C22404F003A7737 /* LoadingBlur.swift in Sources */,
				C9BF0AE32C21C5C600D7DEAC /* CactusComponent.swift in Sources */,
				C995E9232C5181FF00FD83C5 /* CactusRibbonDemoView.swift in Sources */,
				C97C9C812C405683000D333F /* CactusRibbon.swift in Sources */,
				C9A02C2A2C232B6C003A7737 /* ComponentView.swift in Sources */,
				C9FC408A2C5AA26E004D0133 /* CactusContextMenu.swift in Sources */,
				C9A02C1E2C2291AF003A7737 /* CardTemplateView.swift in Sources */,
				C90444F42C55D23600AF8B22 /* CactusTextHalo.swift in Sources */,
				C9A02C1F2C2291AF003A7737 /* ScrollingCardView.swift in Sources */,
				C95187702C3F349F00419E3A /* StripedFill.swift in Sources */,
				C9A02C1C2C2291AF003A7737 /* ScrollingCardPreview.swift in Sources */,
				C951876C2C3EE7FF00419E3A /* CactusRadialLines.swift in Sources */,
				C9B4629C2C4349F9001A729A /* InteriorGlow.swift in Sources */,
				C90444F22C557D6800AF8B22 /* CactusCastShadow.swift in Sources */,
				C9BF0AB12C21C45200D7DEAC /* CactusComponentsApp.swift in Sources */,
				C995E9282C51866100FD83C5 /* RadialGlow.swift in Sources */,
				C9A02C1D2C2291AF003A7737 /* UIConstants.swift in Sources */,
				C9A02C212C2291B7003A7737 /* StyledScrollView.swift in Sources */,
				C9F153C72C245EDA00237130 /* BlurCardPreview.swift in Sources */,
				C9BF0ADE2C21C4D000D7DEAC /* TicketView.swift in Sources */,
				C9F153C62C245EDA00237130 /* BlurCardView.swift in Sources */,
				C9A02C262C2294F9003A7737 /* SlidingModalContent.swift in Sources */,
			);
			runOnlyForDeploymentPostprocessing = 0;
		};
		C9BF0ABA2C21C45800D7DEAC /* Sources */ = {
			isa = PBXSourcesBuildPhase;
			buildActionMask = 2147483647;
			files = (
				C9BF0AC32C21C45800D7DEAC /* CactusComponentsTests.swift in Sources */,
			);
			runOnlyForDeploymentPostprocessing = 0;
		};
		C9BF0AC42C21C45800D7DEAC /* Sources */ = {
			isa = PBXSourcesBuildPhase;
			buildActionMask = 2147483647;
			files = (
				C9BF0ACD2C21C45800D7DEAC /* CactusComponentsUITests.swift in Sources */,
				C9BF0ACF2C21C45800D7DEAC /* CactusComponentsUITestsLaunchTests.swift in Sources */,
			);
			runOnlyForDeploymentPostprocessing = 0;
		};
/* End PBXSourcesBuildPhase section */

/* Begin PBXTargetDependency section */
		C9BF0AC02C21C45800D7DEAC /* PBXTargetDependency */ = {
			isa = PBXTargetDependency;
			target = C9BF0AAC2C21C45200D7DEAC /* CactusComponents */;
			targetProxy = C9BF0ABF2C21C45800D7DEAC /* PBXContainerItemProxy */;
		};
		C9BF0ACA2C21C45800D7DEAC /* PBXTargetDependency */ = {
			isa = PBXTargetDependency;
			target = C9BF0AAC2C21C45200D7DEAC /* CactusComponents */;
			targetProxy = C9BF0AC92C21C45800D7DEAC /* PBXContainerItemProxy */;
		};
/* End PBXTargetDependency section */

/* Begin XCBuildConfiguration section */
		C9BF0AD02C21C45900D7DEAC /* Debug */ = {
			isa = XCBuildConfiguration;
			buildSettings = {
				ALWAYS_SEARCH_USER_PATHS = NO;
				ASSETCATALOG_COMPILER_GENERATE_SWIFT_ASSET_SYMBOL_EXTENSIONS = YES;
				CLANG_ANALYZER_NONNULL = YES;
				CLANG_ANALYZER_NUMBER_OBJECT_CONVERSION = YES_AGGRESSIVE;
				CLANG_CXX_LANGUAGE_STANDARD = "gnu++20";
				CLANG_ENABLE_MODULES = YES;
				CLANG_ENABLE_OBJC_ARC = YES;
				CLANG_ENABLE_OBJC_WEAK = YES;
				CLANG_WARN_BLOCK_CAPTURE_AUTORELEASING = YES;
				CLANG_WARN_BOOL_CONVERSION = YES;
				CLANG_WARN_COMMA = YES;
				CLANG_WARN_CONSTANT_CONVERSION = YES;
				CLANG_WARN_DEPRECATED_OBJC_IMPLEMENTATIONS = YES;
				CLANG_WARN_DIRECT_OBJC_ISA_USAGE = YES_ERROR;
				CLANG_WARN_DOCUMENTATION_COMMENTS = YES;
				CLANG_WARN_EMPTY_BODY = YES;
				CLANG_WARN_ENUM_CONVERSION = YES;
				CLANG_WARN_INFINITE_RECURSION = YES;
				CLANG_WARN_INT_CONVERSION = YES;
				CLANG_WARN_NON_LITERAL_NULL_CONVERSION = YES;
				CLANG_WARN_OBJC_IMPLICIT_RETAIN_SELF = YES;
				CLANG_WARN_OBJC_LITERAL_CONVERSION = YES;
				CLANG_WARN_OBJC_ROOT_CLASS = YES_ERROR;
				CLANG_WARN_QUOTED_INCLUDE_IN_FRAMEWORK_HEADER = YES;
				CLANG_WARN_RANGE_LOOP_ANALYSIS = YES;
				CLANG_WARN_STRICT_PROTOTYPES = YES;
				CLANG_WARN_SUSPICIOUS_MOVE = YES;
				CLANG_WARN_UNGUARDED_AVAILABILITY = YES_AGGRESSIVE;
				CLANG_WARN_UNREACHABLE_CODE = YES;
				CLANG_WARN__DUPLICATE_METHOD_MATCH = YES;
				COPY_PHASE_STRIP = NO;
				DEAD_CODE_STRIPPING = YES;
				DEBUG_INFORMATION_FORMAT = dwarf;
				ENABLE_STRICT_OBJC_MSGSEND = YES;
				ENABLE_TESTABILITY = YES;
				ENABLE_USER_SCRIPT_SANDBOXING = YES;
				GCC_C_LANGUAGE_STANDARD = gnu17;
				GCC_DYNAMIC_NO_PIC = NO;
				GCC_NO_COMMON_BLOCKS = YES;
				GCC_OPTIMIZATION_LEVEL = 0;
				GCC_PREPROCESSOR_DEFINITIONS = (
					"DEBUG=1",
					"$(inherited)",
				);
				GCC_WARN_64_TO_32_BIT_CONVERSION = YES;
				GCC_WARN_ABOUT_RETURN_TYPE = YES_ERROR;
				GCC_WARN_UNDECLARED_SELECTOR = YES;
				GCC_WARN_UNINITIALIZED_AUTOS = YES_AGGRESSIVE;
				GCC_WARN_UNUSED_FUNCTION = YES;
				GCC_WARN_UNUSED_VARIABLE = YES;
				IPHONEOS_DEPLOYMENT_TARGET = 15.0;
				LOCALIZATION_PREFERS_STRING_CATALOGS = YES;
				MTL_ENABLE_DEBUG_INFO = INCLUDE_SOURCE;
				MTL_FAST_MATH = YES;
				ONLY_ACTIVE_ARCH = YES;
				SWIFT_ACTIVE_COMPILATION_CONDITIONS = "DEBUG $(inherited)";
				SWIFT_OPTIMIZATION_LEVEL = "-Onone";
			};
			name = Debug;
		};
		C9BF0AD12C21C45900D7DEAC /* Release */ = {
			isa = XCBuildConfiguration;
			buildSettings = {
				ALWAYS_SEARCH_USER_PATHS = NO;
				ASSETCATALOG_COMPILER_GENERATE_SWIFT_ASSET_SYMBOL_EXTENSIONS = YES;
				CLANG_ANALYZER_NONNULL = YES;
				CLANG_ANALYZER_NUMBER_OBJECT_CONVERSION = YES_AGGRESSIVE;
				CLANG_CXX_LANGUAGE_STANDARD = "gnu++20";
				CLANG_ENABLE_MODULES = YES;
				CLANG_ENABLE_OBJC_ARC = YES;
				CLANG_ENABLE_OBJC_WEAK = YES;
				CLANG_WARN_BLOCK_CAPTURE_AUTORELEASING = YES;
				CLANG_WARN_BOOL_CONVERSION = YES;
				CLANG_WARN_COMMA = YES;
				CLANG_WARN_CONSTANT_CONVERSION = YES;
				CLANG_WARN_DEPRECATED_OBJC_IMPLEMENTATIONS = YES;
				CLANG_WARN_DIRECT_OBJC_ISA_USAGE = YES_ERROR;
				CLANG_WARN_DOCUMENTATION_COMMENTS = YES;
				CLANG_WARN_EMPTY_BODY = YES;
				CLANG_WARN_ENUM_CONVERSION = YES;
				CLANG_WARN_INFINITE_RECURSION = YES;
				CLANG_WARN_INT_CONVERSION = YES;
				CLANG_WARN_NON_LITERAL_NULL_CONVERSION = YES;
				CLANG_WARN_OBJC_IMPLICIT_RETAIN_SELF = YES;
				CLANG_WARN_OBJC_LITERAL_CONVERSION = YES;
				CLANG_WARN_OBJC_ROOT_CLASS = YES_ERROR;
				CLANG_WARN_QUOTED_INCLUDE_IN_FRAMEWORK_HEADER = YES;
				CLANG_WARN_RANGE_LOOP_ANALYSIS = YES;
				CLANG_WARN_STRICT_PROTOTYPES = YES;
				CLANG_WARN_SUSPICIOUS_MOVE = YES;
				CLANG_WARN_UNGUARDED_AVAILABILITY = YES_AGGRESSIVE;
				CLANG_WARN_UNREACHABLE_CODE = YES;
				CLANG_WARN__DUPLICATE_METHOD_MATCH = YES;
				COPY_PHASE_STRIP = NO;
				DEAD_CODE_STRIPPING = YES;
				DEBUG_INFORMATION_FORMAT = "dwarf-with-dsym";
				ENABLE_NS_ASSERTIONS = NO;
				ENABLE_STRICT_OBJC_MSGSEND = YES;
				ENABLE_USER_SCRIPT_SANDBOXING = YES;
				GCC_C_LANGUAGE_STANDARD = gnu17;
				GCC_NO_COMMON_BLOCKS = YES;
				GCC_WARN_64_TO_32_BIT_CONVERSION = YES;
				GCC_WARN_ABOUT_RETURN_TYPE = YES_ERROR;
				GCC_WARN_UNDECLARED_SELECTOR = YES;
				GCC_WARN_UNINITIALIZED_AUTOS = YES_AGGRESSIVE;
				GCC_WARN_UNUSED_FUNCTION = YES;
				GCC_WARN_UNUSED_VARIABLE = YES;
				IPHONEOS_DEPLOYMENT_TARGET = 15.0;
				LOCALIZATION_PREFERS_STRING_CATALOGS = YES;
				MTL_ENABLE_DEBUG_INFO = NO;
				MTL_FAST_MATH = YES;
				SWIFT_COMPILATION_MODE = wholemodule;
			};
			name = Release;
		};
		C9BF0AD32C21C45900D7DEAC /* Debug */ = {
			isa = XCBuildConfiguration;
			buildSettings = {
				ASSETCATALOG_COMPILER_APPICON_NAME = AppIcon;
				ASSETCATALOG_COMPILER_GLOBAL_ACCENT_COLOR_NAME = AccentColor;
				CODE_SIGN_ENTITLEMENTS = CactusComponents/CactusComponents.entitlements;
				CODE_SIGN_STYLE = Automatic;
				CURRENT_PROJECT_VERSION = 1;
				DEAD_CODE_STRIPPING = YES;
				DEVELOPMENT_ASSET_PATHS = "\"CactusComponents/Preview Content\"";
				DEVELOPMENT_TEAM = LN4JU8GNV7;
				ENABLE_HARDENED_RUNTIME = YES;
				ENABLE_PREVIEWS = YES;
				GENERATE_INFOPLIST_FILE = YES;
				"INFOPLIST_KEY_UIApplicationSceneManifest_Generation[sdk=iphoneos*]" = YES;
				"INFOPLIST_KEY_UIApplicationSceneManifest_Generation[sdk=iphonesimulator*]" = YES;
				"INFOPLIST_KEY_UIApplicationSupportsIndirectInputEvents[sdk=iphoneos*]" = YES;
				"INFOPLIST_KEY_UIApplicationSupportsIndirectInputEvents[sdk=iphonesimulator*]" = YES;
				"INFOPLIST_KEY_UILaunchScreen_Generation[sdk=iphoneos*]" = YES;
				"INFOPLIST_KEY_UILaunchScreen_Generation[sdk=iphonesimulator*]" = YES;
				"INFOPLIST_KEY_UIStatusBarStyle[sdk=iphoneos*]" = UIStatusBarStyleDefault;
				"INFOPLIST_KEY_UIStatusBarStyle[sdk=iphonesimulator*]" = UIStatusBarStyleDefault;
				INFOPLIST_KEY_UISupportedInterfaceOrientations_iPad = "UIInterfaceOrientationPortrait UIInterfaceOrientationPortraitUpsideDown UIInterfaceOrientationLandscapeLeft UIInterfaceOrientationLandscapeRight";
				INFOPLIST_KEY_UISupportedInterfaceOrientations_iPhone = "UIInterfaceOrientationPortrait UIInterfaceOrientationLandscapeLeft UIInterfaceOrientationLandscapeRight";
				IPHONEOS_DEPLOYMENT_TARGET = 17.4;
				LD_RUNPATH_SEARCH_PATHS = "@executable_path/Frameworks";
				"LD_RUNPATH_SEARCH_PATHS[sdk=macosx*]" = "@executable_path/../Frameworks";
				MACOSX_DEPLOYMENT_TARGET = 14.3;
				MARKETING_VERSION = 1.0;
				PRODUCT_BUNDLE_IDENTIFIER = "Masse-Brian.CactusComponents";
				PRODUCT_MODULE_NAME = "$(PRODUCT_NAME:c99extidentifier)";
				PRODUCT_NAME = "$(TARGET_NAME)";
				SDKROOT = auto;
				SUPPORTED_PLATFORMS = "iphoneos iphonesimulator macosx";
				SWIFT_EMIT_LOC_STRINGS = YES;
				SWIFT_VERSION = 5.0;
				TARGETED_DEVICE_FAMILY = "1,2";
			};
			name = Debug;
		};
		C9BF0AD42C21C45900D7DEAC /* Release */ = {
			isa = XCBuildConfiguration;
			buildSettings = {
				ASSETCATALOG_COMPILER_APPICON_NAME = AppIcon;
				ASSETCATALOG_COMPILER_GLOBAL_ACCENT_COLOR_NAME = AccentColor;
				CODE_SIGN_ENTITLEMENTS = CactusComponents/CactusComponents.entitlements;
				CODE_SIGN_STYLE = Automatic;
				CURRENT_PROJECT_VERSION = 1;
				DEAD_CODE_STRIPPING = YES;
				DEVELOPMENT_ASSET_PATHS = "\"CactusComponents/Preview Content\"";
				DEVELOPMENT_TEAM = LN4JU8GNV7;
				ENABLE_HARDENED_RUNTIME = YES;
				ENABLE_PREVIEWS = YES;
				GENERATE_INFOPLIST_FILE = YES;
				"INFOPLIST_KEY_UIApplicationSceneManifest_Generation[sdk=iphoneos*]" = YES;
				"INFOPLIST_KEY_UIApplicationSceneManifest_Generation[sdk=iphonesimulator*]" = YES;
				"INFOPLIST_KEY_UIApplicationSupportsIndirectInputEvents[sdk=iphoneos*]" = YES;
				"INFOPLIST_KEY_UIApplicationSupportsIndirectInputEvents[sdk=iphonesimulator*]" = YES;
				"INFOPLIST_KEY_UILaunchScreen_Generation[sdk=iphoneos*]" = YES;
				"INFOPLIST_KEY_UILaunchScreen_Generation[sdk=iphonesimulator*]" = YES;
				"INFOPLIST_KEY_UIStatusBarStyle[sdk=iphoneos*]" = UIStatusBarStyleDefault;
				"INFOPLIST_KEY_UIStatusBarStyle[sdk=iphonesimulator*]" = UIStatusBarStyleDefault;
				INFOPLIST_KEY_UISupportedInterfaceOrientations_iPad = "UIInterfaceOrientationPortrait UIInterfaceOrientationPortraitUpsideDown UIInterfaceOrientationLandscapeLeft UIInterfaceOrientationLandscapeRight";
				INFOPLIST_KEY_UISupportedInterfaceOrientations_iPhone = "UIInterfaceOrientationPortrait UIInterfaceOrientationLandscapeLeft UIInterfaceOrientationLandscapeRight";
				IPHONEOS_DEPLOYMENT_TARGET = 17.4;
				LD_RUNPATH_SEARCH_PATHS = "@executable_path/Frameworks";
				"LD_RUNPATH_SEARCH_PATHS[sdk=macosx*]" = "@executable_path/../Frameworks";
				MACOSX_DEPLOYMENT_TARGET = 14.3;
				MARKETING_VERSION = 1.0;
				PRODUCT_BUNDLE_IDENTIFIER = "Masse-Brian.CactusComponents";
				PRODUCT_MODULE_NAME = "$(PRODUCT_NAME:c99extidentifier)";
				PRODUCT_NAME = "$(TARGET_NAME)";
				SDKROOT = auto;
				SUPPORTED_PLATFORMS = "iphoneos iphonesimulator macosx";
				SWIFT_EMIT_LOC_STRINGS = YES;
				SWIFT_VERSION = 5.0;
				TARGETED_DEVICE_FAMILY = "1,2";
			};
			name = Release;
		};
		C9BF0AD62C21C45900D7DEAC /* Debug */ = {
			isa = XCBuildConfiguration;
			buildSettings = {
				ALWAYS_EMBED_SWIFT_STANDARD_LIBRARIES = YES;
				BUNDLE_LOADER = "$(TEST_HOST)";
				CODE_SIGN_STYLE = Automatic;
				CURRENT_PROJECT_VERSION = 1;
				DEAD_CODE_STRIPPING = YES;
				DEVELOPMENT_TEAM = LN4JU8GNV7;
				GENERATE_INFOPLIST_FILE = YES;
				IPHONEOS_DEPLOYMENT_TARGET = 17.4;
				MACOSX_DEPLOYMENT_TARGET = 14.3;
				MARKETING_VERSION = 1.0;
				PRODUCT_BUNDLE_IDENTIFIER = "Masse-Brian.CactusComponentsTests";
				PRODUCT_NAME = "$(TARGET_NAME)";
				SDKROOT = auto;
				SUPPORTED_PLATFORMS = "iphoneos iphonesimulator macosx";
				SWIFT_EMIT_LOC_STRINGS = NO;
				SWIFT_VERSION = 5.0;
				TARGETED_DEVICE_FAMILY = "1,2";
				TEST_HOST = "$(BUILT_PRODUCTS_DIR)/CactusComponents.app/$(BUNDLE_EXECUTABLE_FOLDER_PATH)/CactusComponents";
			};
			name = Debug;
		};
		C9BF0AD72C21C45900D7DEAC /* Release */ = {
			isa = XCBuildConfiguration;
			buildSettings = {
				ALWAYS_EMBED_SWIFT_STANDARD_LIBRARIES = YES;
				BUNDLE_LOADER = "$(TEST_HOST)";
				CODE_SIGN_STYLE = Automatic;
				CURRENT_PROJECT_VERSION = 1;
				DEAD_CODE_STRIPPING = YES;
				DEVELOPMENT_TEAM = LN4JU8GNV7;
				GENERATE_INFOPLIST_FILE = YES;
				IPHONEOS_DEPLOYMENT_TARGET = 17.4;
				MACOSX_DEPLOYMENT_TARGET = 14.3;
				MARKETING_VERSION = 1.0;
				PRODUCT_BUNDLE_IDENTIFIER = "Masse-Brian.CactusComponentsTests";
				PRODUCT_NAME = "$(TARGET_NAME)";
				SDKROOT = auto;
				SUPPORTED_PLATFORMS = "iphoneos iphonesimulator macosx";
				SWIFT_EMIT_LOC_STRINGS = NO;
				SWIFT_VERSION = 5.0;
				TARGETED_DEVICE_FAMILY = "1,2";
				TEST_HOST = "$(BUILT_PRODUCTS_DIR)/CactusComponents.app/$(BUNDLE_EXECUTABLE_FOLDER_PATH)/CactusComponents";
			};
			name = Release;
		};
		C9BF0AD92C21C45900D7DEAC /* Debug */ = {
			isa = XCBuildConfiguration;
			buildSettings = {
				ALWAYS_EMBED_SWIFT_STANDARD_LIBRARIES = YES;
				CODE_SIGN_STYLE = Automatic;
				CURRENT_PROJECT_VERSION = 1;
				DEAD_CODE_STRIPPING = YES;
				DEVELOPMENT_TEAM = LN4JU8GNV7;
				GENERATE_INFOPLIST_FILE = YES;
				IPHONEOS_DEPLOYMENT_TARGET = 17.4;
				MACOSX_DEPLOYMENT_TARGET = 14.3;
				MARKETING_VERSION = 1.0;
				PRODUCT_BUNDLE_IDENTIFIER = "Masse-Brian.CactusComponentsUITests";
				PRODUCT_NAME = "$(TARGET_NAME)";
				SDKROOT = auto;
				SUPPORTED_PLATFORMS = "iphoneos iphonesimulator macosx";
				SWIFT_EMIT_LOC_STRINGS = NO;
				SWIFT_VERSION = 5.0;
				TARGETED_DEVICE_FAMILY = "1,2";
				TEST_TARGET_NAME = CactusComponents;
			};
			name = Debug;
		};
		C9BF0ADA2C21C45900D7DEAC /* Release */ = {
			isa = XCBuildConfiguration;
			buildSettings = {
				ALWAYS_EMBED_SWIFT_STANDARD_LIBRARIES = YES;
				CODE_SIGN_STYLE = Automatic;
				CURRENT_PROJECT_VERSION = 1;
				DEAD_CODE_STRIPPING = YES;
				DEVELOPMENT_TEAM = LN4JU8GNV7;
				GENERATE_INFOPLIST_FILE = YES;
				IPHONEOS_DEPLOYMENT_TARGET = 17.4;
				MACOSX_DEPLOYMENT_TARGET = 14.3;
				MARKETING_VERSION = 1.0;
				PRODUCT_BUNDLE_IDENTIFIER = "Masse-Brian.CactusComponentsUITests";
				PRODUCT_NAME = "$(TARGET_NAME)";
				SDKROOT = auto;
				SUPPORTED_PLATFORMS = "iphoneos iphonesimulator macosx";
				SWIFT_EMIT_LOC_STRINGS = NO;
				SWIFT_VERSION = 5.0;
				TARGETED_DEVICE_FAMILY = "1,2";
				TEST_TARGET_NAME = CactusComponents;
			};
			name = Release;
		};
/* End XCBuildConfiguration section */

/* Begin XCConfigurationList section */
		C9BF0AA82C21C45200D7DEAC /* Build configuration list for PBXProject "CactusComponents" */ = {
			isa = XCConfigurationList;
			buildConfigurations = (
				C9BF0AD02C21C45900D7DEAC /* Debug */,
				C9BF0AD12C21C45900D7DEAC /* Release */,
			);
			defaultConfigurationIsVisible = 0;
			defaultConfigurationName = Release;
		};
		C9BF0AD22C21C45900D7DEAC /* Build configuration list for PBXNativeTarget "CactusComponents" */ = {
			isa = XCConfigurationList;
			buildConfigurations = (
				C9BF0AD32C21C45900D7DEAC /* Debug */,
				C9BF0AD42C21C45900D7DEAC /* Release */,
			);
			defaultConfigurationIsVisible = 0;
			defaultConfigurationName = Release;
		};
		C9BF0AD52C21C45900D7DEAC /* Build configuration list for PBXNativeTarget "CactusComponentsTests" */ = {
			isa = XCConfigurationList;
			buildConfigurations = (
				C9BF0AD62C21C45900D7DEAC /* Debug */,
				C9BF0AD72C21C45900D7DEAC /* Release */,
			);
			defaultConfigurationIsVisible = 0;
			defaultConfigurationName = Release;
		};
		C9BF0AD82C21C45900D7DEAC /* Build configuration list for PBXNativeTarget "CactusComponentsUITests" */ = {
			isa = XCConfigurationList;
			buildConfigurations = (
				C9BF0AD92C21C45900D7DEAC /* Debug */,
				C9BF0ADA2C21C45900D7DEAC /* Release */,
			);
			defaultConfigurationIsVisible = 0;
			defaultConfigurationName = Release;
		};
/* End XCConfigurationList section */

/* Begin XCRemoteSwiftPackageReference section */
		C90444EE2C557C2E00AF8B22 /* XCRemoteSwiftPackageReference "UIUniversals" */ = {
			isa = XCRemoteSwiftPackageReference;
			repositoryURL = "https://github.com/Brian-Masse/UIUniversals";
			requirement = {
				branch = main;
				kind = branch;
			};
		};
/* End XCRemoteSwiftPackageReference section */

/* Begin XCSwiftPackageProductDependency section */
		C90444EF2C557C2E00AF8B22 /* UIUniversals */ = {
			isa = XCSwiftPackageProductDependency;
			package = C90444EE2C557C2E00AF8B22 /* XCRemoteSwiftPackageReference "UIUniversals" */;
			productName = UIUniversals;
		};
/* End XCSwiftPackageProductDependency section */
	};
	rootObject = C9BF0AA52C21C45200D7DEAC /* Project object */;
}
